
Microsoft Visual Studio Solution File, Format Version 12.00
# Visual Studio Version 17
VisualStudioVersion = 17.10.35013.160
MinimumVisualStudioVersion = 10.0.40219.1
Project("{9A19103F-16F7-4668-BE54-9A1E7A4F7556}") = "IzunaDrop", "IzunaDrop\IzunaDrop.csproj", "{8390EB89-13C9-4954-ACA9-E56429BD7E78}"
EndProject
Project("{9A19103F-16F7-4668-BE54-9A1E7A4F7556}") = "IzunaDrop.ViewModels", "IzunaDrop.ViewModels\IzunaDrop.ViewModels.csproj", "{859B9AD6-1659-4AA1-ADAF-88FAE12A5BB1}"
EndProject
Project("{FAE04EC0-301F-11D3-BF4B-00C04F79EFBC}") = "IzunaDrop.Tests", "IzunaDrop.Tests\IzunaDrop.Tests.csproj", "{83505579-717A-41CA-B473-B48E8453330D}"
EndProject
Global
	GlobalSection(SolutionConfigurationPlatforms) = preSolution
		Debug|Any CPU = Debug|Any CPU
		Release|Any CPU = Release|Any CPU
	EndGlobalSection
	GlobalSection(ProjectConfigurationPlatforms) = postSolution
		{8390EB89-13C9-4954-ACA9-E56429BD7E78}.Debug|Any CPU.ActiveCfg = Debug|Any CPU
		{8390EB89-13C9-4954-ACA9-E56429BD7E78}.Debug|Any CPU.Build.0 = Debug|Any CPU
		{8390EB89-13C9-4954-ACA9-E56429BD7E78}.Release|Any CPU.ActiveCfg = Release|Any CPU
		{8390EB89-13C9-4954-ACA9-E56429BD7E78}.Release|Any CPU.Build.0 = Release|Any CPU
		{859B9AD6-1659-4AA1-ADAF-88FAE12A5BB1}.Debug|Any CPU.ActiveCfg = Debug|Any CPU
		{859B9AD6-1659-4AA1-ADAF-88FAE12A5BB1}.Debug|Any CPU.Build.0 = Debug|Any CPU
		{859B9AD6-1659-4AA1-ADAF-88FAE12A5BB1}.Release|Any CPU.ActiveCfg = Release|Any CPU
		{859B9AD6-1659-4AA1-ADAF-88FAE12A5BB1}.Release|Any CPU.Build.0 = Release|Any CPU
		{83505579-717A-41CA-B473-B48E8453330D}.Debug|Any CPU.ActiveCfg = Debug|Any CPU
		{83505579-717A-41CA-B473-B48E8453330D}.Debug|Any CPU.Build.0 = Debug|Any CPU
		{83505579-717A-41CA-B473-B48E8453330D}.Release|Any CPU.ActiveCfg = Release|Any CPU
		{83505579-717A-41CA-B473-B48E8453330D}.Release|Any CPU.Build.0 = Release|Any CPU
	EndGlobalSection
	GlobalSection(SolutionProperties) = preSolution
		HideSolutionNode = FALSE
	EndGlobalSection
	GlobalSection(ExtensibilityGlobals) = postSolution
		SolutionGuid = {7FC9A4F8-8407-4094-80B2-616E8CF1F3FF}
	EndGlobalSection
EndGlobal
